
Microsoft Visual Studio Solution File, Format Version 12.00
# Visual Studio Version 17
VisualStudioVersion = 17.3.32929.385
MinimumVisualStudioVersion = 10.0.40219.1
Project("{FAE04EC0-301F-11D3-BF4B-00C04F79EFBC}") = "ExerciciosInterfaceAnimal", "ExerciciosInterfaceAnimal.csproj", "{974D2A11-5F3D-4915-B7E8-781294E45808}"
EndProject
Global
	GlobalSection(SolutionConfigurationPlatforms) = preSolution
		Debug|Any CPU = Debug|Any CPU
		Release|Any CPU = Release|Any CPU
	EndGlobalSection
	GlobalSection(ProjectConfigurationPlatforms) = postSolution
		{974D2A11-5F3D-4915-B7E8-781294E45808}.Debug|Any CPU.ActiveCfg = Debug|Any CPU
		{974D2A11-5F3D-4915-B7E8-781294E45808}.Debug|Any CPU.Build.0 = Debug|Any CPU
		{974D2A11-5F3D-4915-B7E8-781294E45808}.Release|Any CPU.ActiveCfg = Release|Any CPU
		{974D2A11-5F3D-4915-B7E8-781294E45808}.Release|Any CPU.Build.0 = Release|Any CPU
	EndGlobalSection
	GlobalSection(SolutionProperties) = preSolution
		HideSolutionNode = FALSE
	EndGlobalSection
	GlobalSection(ExtensibilityGlobals) = postSolution
		SolutionGuid = {284D1E31-4713-45DA-A8A3-1A1F92832B22}
	EndGlobalSection
EndGlobal
